
Microsoft Visual Studio Solution File, Format Version 12.00
# Visual Studio Version 17
VisualStudioVersion = 17.6.33829.357
MinimumVisualStudioVersion = 10.0.40219.1
Project("{9A19103F-16F7-4668-BE54-9A1E7A4F7556}") = "GivEnergy.Func", "GivEnergy.Func.csproj", "{E3E184BC-C46E-4D17-9AA8-2925C379DB0A}"
EndProject
Project("{2150E333-8FDC-42A3-9474-1A3956D46DE8}") = "Files", "Files", "{D31C9112-E0FA-43F8-A61C-027A09D7F0AB}"
	ProjectSection(SolutionItems) = preProject
		..\..\meterian = ..\..\meterian
		..\..\README.md = ..\..\README.md
	EndProjectSection
EndProject
Global
	GlobalSection(SolutionConfigurationPlatforms) = preSolution
		Debug|Any CPU = Debug|Any CPU
		Release|Any CPU = Release|Any CPU
	EndGlobalSection
	GlobalSection(ProjectConfigurationPlatforms) = postSolution
		{E3E184BC-C46E-4D17-9AA8-2925C379DB0A}.Debug|Any CPU.ActiveCfg = Debug|Any CPU
		{E3E184BC-C46E-4D17-9AA8-2925C379DB0A}.Debug|Any CPU.Build.0 = Debug|Any CPU
		{E3E184BC-C46E-4D17-9AA8-2925C379DB0A}.Release|Any CPU.ActiveCfg = Release|Any CPU
		{E3E184BC-C46E-4D17-9AA8-2925C379DB0A}.Release|Any CPU.Build.0 = Release|Any CPU
	EndGlobalSection
	GlobalSection(SolutionProperties) = preSolution
		HideSolutionNode = FALSE
	EndGlobalSection
	GlobalSection(ExtensibilityGlobals) = postSolution
		SolutionGuid = {C3467895-0F1F-4A8D-9303-763600C9D2BA}
	EndGlobalSection
EndGlobal
